
Microsoft Visual Studio Solution File, Format Version 12.00
# Visual Studio Version 17
VisualStudioVersion = 17.10.35013.160
MinimumVisualStudioVersion = 10.0.40219.1
Project("{FAE04EC0-301F-11D3-BF4B-00C04F79EFBC}") = "BankApplication", "BankApplication\BankApplication.csproj", "{FDF6F113-62E9-4249-8242-875DB5EABBBB}"
EndProject
Global
	GlobalSection(SolutionConfigurationPlatforms) = preSolution
		Debug|Any CPU = Debug|Any CPU
		Release|Any CPU = Release|Any CPU
	EndGlobalSection
	GlobalSection(ProjectConfigurationPlatforms) = postSolution
		{FDF6F113-62E9-4249-8242-875DB5EABBBB}.Debug|Any CPU.ActiveCfg = Debug|Any CPU
		{FDF6F113-62E9-4249-8242-875DB5EABBBB}.Debug|Any CPU.Build.0 = Debug|Any CPU
		{FDF6F113-62E9-4249-8242-875DB5EABBBB}.Release|Any CPU.ActiveCfg = Release|Any CPU
		{FDF6F113-62E9-4249-8242-875DB5EABBBB}.Release|Any CPU.Build.0 = Release|Any CPU
	EndGlobalSection
	GlobalSection(SolutionProperties) = preSolution
		HideSolutionNode = FALSE
	EndGlobalSection
	GlobalSection(ExtensibilityGlobals) = postSolution
		SolutionGuid = {5F851EF1-7E10-4F8E-9E7D-67722796EB2C}
	EndGlobalSection
EndGlobal
